// !$*UTF8*$!
{
	archiveVersion = 1;
	classes = {
	};
	objectVersion = 46;
	objects = {

/* Begin PBXBuildFile section */
		C1668F641AB571130099C2BD /* AppDelegate.swift in Sources */ = {isa = PBXBuildFile; fileRef = C1668F631AB571130099C2BD /* AppDelegate.swift */; };
		C1668F661AB571130099C2BD /* ViewController.swift in Sources */ = {isa = PBXBuildFile; fileRef = C1668F651AB571130099C2BD /* ViewController.swift */; };
		C1668F691AB571130099C2BD /* Main.storyboard in Resources */ = {isa = PBXBuildFile; fileRef = C1668F671AB571130099C2BD /* Main.storyboard */; };
		C1668F6B1AB571130099C2BD /* Images.xcassets in Resources */ = {isa = PBXBuildFile; fileRef = C1668F6A1AB571130099C2BD /* Images.xcassets */; };
		C1668F6E1AB571130099C2BD /* LaunchScreen.xib in Resources */ = {isa = PBXBuildFile; fileRef = C1668F6C1AB571130099C2BD /* LaunchScreen.xib */; };
		C1668F7A1AB571130099C2BD /* JPNZipCodeSampleTests.swift in Sources */ = {isa = PBXBuildFile; fileRef = C1668F791AB571130099C2BD /* JPNZipCodeSampleTests.swift */; };
		C1668F851AB571680099C2BD /* JPNZipCode.swift in Sources */ = {isa = PBXBuildFile; fileRef = C1668F841AB571680099C2BD /* JPNZipCode.swift */; };
/* End PBXBuildFile section */

/* Begin PBXContainerItemProxy section */
		C1668F741AB571130099C2BD /* PBXContainerItemProxy */ = {
			isa = PBXContainerItemProxy;
			containerPortal = C1668F561AB571130099C2BD /* Project object */;
			proxyType = 1;
			remoteGlobalIDString = C1668F5D1AB571130099C2BD;
			remoteInfo = JPNZipCodeSample;
		};
/* End PBXContainerItemProxy section */

/* Begin PBXFileReference section */
		C1668F5E1AB571130099C2BD /* JPNZipCodeSample.app */ = {isa = PBXFileReference; explicitFileType = wrapper.application; includeInIndex = 0; path = JPNZipCodeSample.app; sourceTree = BUILT_PRODUCTS_DIR; };
		C1668F621AB571130099C2BD /* Info.plist */ = {isa = PBXFileReference; lastKnownFileType = text.plist.xml; path = Info.plist; sourceTree = "<group>"; };
		C1668F631AB571130099C2BD /* AppDelegate.swift */ = {isa = PBXFileReference; lastKnownFileType = sourcecode.swift; path = AppDelegate.swift; sourceTree = "<group>"; };
		C1668F651AB571130099C2BD /* ViewController.swift */ = {isa = PBXFileReference; lastKnownFileType = sourcecode.swift; path = ViewController.swift; sourceTree = "<group>"; };
		C1668F681AB571130099C2BD /* Base */ = {isa = PBXFileReference; lastKnownFileType = file.storyboard; name = Base; path = Base.lproj/Main.storyboard; sourceTree = "<group>"; };
		C1668F6A1AB571130099C2BD /* Images.xcassets */ = {isa = PBXFileReference; lastKnownFileType = folder.assetcatalog; path = Images.xcassets; sourceTree = "<group>"; };
		C1668F6D1AB571130099C2BD /* Base */ = {isa = PBXFileReference; lastKnownFileType = file.xib; name = Base; path = Base.lproj/LaunchScreen.xib; sourceTree = "<group>"; };
		C1668F731AB571130099C2BD /* JPNZipCodeSampleTests.xctest */ = {isa = PBXFileReference; explicitFileType = wrapper.cfbundle; includeInIndex = 0; path = JPNZipCodeSampleTests.xctest; sourceTree = BUILT_PRODUCTS_DIR; };
		C1668F781AB571130099C2BD /* Info.plist */ = {isa = PBXFileReference; lastKnownFileType = text.plist.xml; path = Info.plist; sourceTree = "<group>"; };
		C1668F791AB571130099C2BD /* JPNZipCodeSampleTests.swift */ = {isa = PBXFileReference; lastKnownFileType = sourcecode.swift; path = JPNZipCodeSampleTests.swift; sourceTree = "<group>"; };
		C1668F841AB571680099C2BD /* JPNZipCode.swift */ = {isa = PBXFileReference; fileEncoding = 4; lastKnownFileType = sourcecode.swift; name = JPNZipCode.swift; path = ../Source/JPNZipCode.swift; sourceTree = "<group>"; };
/* End PBXFileReference section */

/* Begin PBXFrameworksBuildPhase section */
		C1668F5B1AB571130099C2BD /* Frameworks */ = {
			isa = PBXFrameworksBuildPhase;
			buildActionMask = 2147483647;
			files = (
			);
			runOnlyForDeploymentPostprocessing = 0;
		};
		C1668F701AB571130099C2BD /* Frameworks */ = {
			isa = PBXFrameworksBuildPhase;
			buildActionMask = 2147483647;
			files = (
			);
			runOnlyForDeploymentPostprocessing = 0;
		};
/* End PBXFrameworksBuildPhase section */

/* Begin PBXGroup section */
		C1668F551AB571130099C2BD = {
			isa = PBXGroup;
			children = (
				C1668F831AB571510099C2BD /* JPNZipCode */,
				C1668F601AB571130099C2BD /* JPNZipCodeSample */,
				C1668F761AB571130099C2BD /* JPNZipCodeSampleTests */,
				C1668F5F1AB571130099C2BD /* Products */,
			);
			sourceTree = "<group>";
		};
		C1668F5F1AB571130099C2BD /* Products */ = {
			isa = PBXGroup;
			children = (
				C1668F5E1AB571130099C2BD /* JPNZipCodeSample.app */,
				C1668F731AB571130099C2BD /* JPNZipCodeSampleTests.xctest */,
			);
			name = Products;
			sourceTree = "<group>";
		};
		C1668F601AB571130099C2BD /* JPNZipCodeSample */ = {
			isa = PBXGroup;
			children = (
				C1668F631AB571130099C2BD /* AppDelegate.swift */,
				C1668F651AB571130099C2BD /* ViewController.swift */,
				C1668F671AB571130099C2BD /* Main.storyboard */,
				C1668F6A1AB571130099C2BD /* Images.xcassets */,
				C1668F6C1AB571130099C2BD /* LaunchScreen.xib */,
				C1668F611AB571130099C2BD /* Supporting Files */,
			);
			path = JPNZipCodeSample;
			sourceTree = "<group>";
		};
		C1668F611AB571130099C2BD /* Supporting Files */ = {
			isa = PBXGroup;
			children = (
				C1668F621AB571130099C2BD /* Info.plist */,
			);
			name = "Supporting Files";
			sourceTree = "<group>";
		};
		C1668F761AB571130099C2BD /* JPNZipCodeSampleTests */ = {
			isa = PBXGroup;
			children = (
				C1668F791AB571130099C2BD /* JPNZipCodeSampleTests.swift */,
				C1668F771AB571130099C2BD /* Supporting Files */,
			);
			path = JPNZipCodeSampleTests;
			sourceTree = "<group>";
		};
		C1668F771AB571130099C2BD /* Supporting Files */ = {
			isa = PBXGroup;
			children = (
				C1668F781AB571130099C2BD /* Info.plist */,
			);
			name = "Supporting Files";
			sourceTree = "<group>";
		};
		C1668F831AB571510099C2BD /* JPNZipCode */ = {
			isa = PBXGroup;
			children = (
				C1668F841AB571680099C2BD /* JPNZipCode.swift */,
			);
			name = JPNZipCode;
			sourceTree = "<group>";
		};
/* End PBXGroup section */

/* Begin PBXNativeTarget section */
		C1668F5D1AB571130099C2BD /* JPNZipCodeSample */ = {
			isa = PBXNativeTarget;
			buildConfigurationList = C1668F7D1AB571130099C2BD /* Build configuration list for PBXNativeTarget "JPNZipCodeSample" */;
			buildPhases = (
				C1668F5A1AB571130099C2BD /* Sources */,
				C1668F5B1AB571130099C2BD /* Frameworks */,
				C1668F5C1AB571130099C2BD /* Resources */,
			);
			buildRules = (
			);
			dependencies = (
			);
			name = JPNZipCodeSample;
			productName = JPNZipCodeSample;
			productReference = C1668F5E1AB571130099C2BD /* JPNZipCodeSample.app */;
			productType = "com.apple.product-type.application";
		};
		C1668F721AB571130099C2BD /* JPNZipCodeSampleTests */ = {
			isa = PBXNativeTarget;
			buildConfigurationList = C1668F801AB571130099C2BD /* Build configuration list for PBXNativeTarget "JPNZipCodeSampleTests" */;
			buildPhases = (
				C1668F6F1AB571130099C2BD /* Sources */,
				C1668F701AB571130099C2BD /* Frameworks */,
				C1668F711AB571130099C2BD /* Resources */,
			);
			buildRules = (
			);
			dependencies = (
				C1668F751AB571130099C2BD /* PBXTargetDependency */,
			);
			name = JPNZipCodeSampleTests;
			productName = JPNZipCodeSampleTests;
			productReference = C1668F731AB571130099C2BD /* JPNZipCodeSampleTests.xctest */;
			productType = "com.apple.product-type.bundle.unit-test";
		};
/* End PBXNativeTarget section */

/* Begin PBXProject section */
		C1668F561AB571130099C2BD /* Project object */ = {
			isa = PBXProject;
			attributes = {
				LastUpgradeCheck = 0620;
				ORGANIZATIONNAME = YuTamura;
				TargetAttributes = {
					C1668F5D1AB571130099C2BD = {
						CreatedOnToolsVersion = 6.2;
					};
					C1668F721AB571130099C2BD = {
						CreatedOnToolsVersion = 6.2;
						TestTargetID = C1668F5D1AB571130099C2BD;
					};
				};
			};
			buildConfigurationList = C1668F591AB571130099C2BD /* Build configuration list for PBXProject "JPNZipCodeSample" */;
			compatibilityVersion = "Xcode 3.2";
			developmentRegion = English;
			hasScannedForEncodings = 0;
			knownRegions = (
				en,
				Base,
			);
			mainGroup = C1668F551AB571130099C2BD;
			productRefGroup = C1668F5F1AB571130099C2BD /* Products */;
			projectDirPath = "";
			projectRoot = "";
			targets = (
				C1668F5D1AB571130099C2BD /* JPNZipCodeSample */,
				C1668F721AB571130099C2BD /* JPNZipCodeSampleTests */,
			);
		};
/* End PBXProject section */

/* Begin PBXResourcesBuildPhase section */
		C1668F5C1AB571130099C2BD /* Resources */ = {
			isa = PBXResourcesBuildPhase;
			buildActionMask = 2147483647;
			files = (
				C1668F691AB571130099C2BD /* Main.storyboard in Resources */,
				C1668F6E1AB571130099C2BD /* LaunchScreen.xib in Resources */,
				C1668F6B1AB571130099C2BD /* Images.xcassets in Resources */,
			);
			runOnlyForDeploymentPostprocessing = 0;
		};
		C1668F711AB571130099C2BD /* Resources */ = {
			isa = PBXResourcesBuildPhase;
			buildActionMask = 2147483647;
			files = (
			);
			runOnlyForDeploymentPostprocessing = 0;
		};
/* End PBXResourcesBuildPhase section */

/* Begin PBXSourcesBuildPhase section */
		C1668F5A1AB571130099C2BD /* Sources */ = {
			isa = PBXSourcesBuildPhase;
			buildActionMask = 2147483647;
			files = (
				C1668F661AB571130099C2BD /* ViewController.swift in Sources */,
				C1668F851AB571680099C2BD /* JPNZipCode.swift in Sources */,
				C1668F641AB571130099C2BD /* AppDelegate.swift in Sources */,
			);
			runOnlyForDeploymentPostprocessing = 0;
		};
		C1668F6F1AB571130099C2BD /* Sources */ = {
			isa = PBXSourcesBuildPhase;
			buildActionMask = 2147483647;
			files = (
				C1668F7A1AB571130099C2BD /* JPNZipCodeSampleTests.swift in Sources */,
			);
			runOnlyForDeploymentPostprocessing = 0;
		};
/* End PBXSourcesBuildPhase section */

/* Begin PBXTargetDependency section */
		C1668F751AB571130099C2BD /* PBXTargetDependency */ = {
			isa = PBXTargetDependency;
			target = C1668F5D1AB571130099C2BD /* JPNZipCodeSample */;
			targetProxy = C1668F741AB571130099C2BD /* PBXContainerItemProxy */;
		};
/* End PBXTargetDependency section */

/* Begin PBXVariantGroup section */
		C1668F671AB571130099C2BD /* Main.storyboard */ = {
			isa = PBXVariantGroup;
			children = (
				C1668F681AB571130099C2BD /* Base */,
			);
			name = Main.storyboard;
			sourceTree = "<group>";
		};
		C1668F6C1AB571130099C2BD /* LaunchScreen.xib */ = {
			isa = PBXVariantGroup;
			children = (
				C1668F6D1AB571130099C2BD /* Base */,
			);
			name = LaunchScreen.xib;
			sourceTree = "<group>";
		};
/* End PBXVariantGroup section */

/* Begin XCBuildConfiguration section */
		C1668F7B1AB571130099C2BD /* Debug */ = {
			isa = XCBuildConfiguration;
			buildSettings = {
				ALWAYS_SEARCH_USER_PATHS = NO;
				CLANG_CXX_LANGUAGE_STANDARD = "gnu++0x";
				CLANG_CXX_LIBRARY = "libc++";
				CLANG_ENABLE_MODULES = YES;
				CLANG_ENABLE_OBJC_ARC = YES;
				CLANG_WARN_BOOL_CONVERSION = YES;
				CLANG_WARN_CONSTANT_CONVERSION = YES;
				CLANG_WARN_DIRECT_OBJC_ISA_USAGE = YES_ERROR;
				CLANG_WARN_EMPTY_BODY = YES;
				CLANG_WARN_ENUM_CONVERSION = YES;
				CLANG_WARN_INT_CONVERSION = YES;
				CLANG_WARN_OBJC_ROOT_CLASS = YES_ERROR;
				CLANG_WARN_UNREACHABLE_CODE = YES;
				CLANG_WARN__DUPLICATE_METHOD_MATCH = YES;
				"CODE_SIGN_IDENTITY[sdk=iphoneos*]" = "iPhone Developer";
				COPY_PHASE_STRIP = NO;
				ENABLE_STRICT_OBJC_MSGSEND = YES;
				GCC_C_LANGUAGE_STANDARD = gnu99;
				GCC_DYNAMIC_NO_PIC = NO;
				GCC_OPTIMIZATION_LEVEL = 0;
				GCC_PREPROCESSOR_DEFINITIONS = (
					"DEBUG=1",
					"$(inherited)",
				);
				GCC_SYMBOLS_PRIVATE_EXTERN = NO;
				GCC_WARN_64_TO_32_BIT_CONVERSION = YES;
				GCC_WARN_ABOUT_RETURN_TYPE = YES_ERROR;
				GCC_WARN_UNDECLARED_SELECTOR = YES;
				GCC_WARN_UNINITIALIZED_AUTOS = YES_AGGRESSIVE;
				GCC_WARN_UNUSED_FUNCTION = YES;
				GCC_WARN_UNUSED_VARIABLE = YES;
				IPHONEOS_DEPLOYMENT_TARGET = 8.2;
				MTL_ENABLE_DEBUG_INFO = YES;
				ONLY_ACTIVE_ARCH = YES;
				SDKROOT = iphoneos;
				SWIFT_OPTIMIZATION_LEVEL = "-Onone";
				TARGETED_DEVICE_FAMILY = "1,2";
			};
			name = Debug;
		};
		C1668F7C1AB571130099C2BD /* Release */ = {
			isa = XCBuildConfiguration;
			buildSettings = {
				ALWAYS_SEARCH_USER_PATHS = NO;
				CLANG_CXX_LANGUAGE_STANDARD = "gnu++0x";
				CLANG_CXX_LIBRARY = "libc++";
				CLANG_ENABLE_MODULES = YES;
				CLANG_ENABLE_OBJC_ARC = YES;
				CLANG_WARN_BOOL_CONVERSION = YES;
				CLANG_WARN_CONSTANT_CONVERSION = YES;
				CLANG_WARN_DIRECT_OBJC_ISA_USAGE = YES_ERROR;
				CLANG_WARN_EMPTY_BODY = YES;
				CLANG_WARN_ENUM_CONVERSION = YES;
				CLANG_WARN_INT_CONVERSION = YES;
				CLANG_WARN_OBJC_ROOT_CLASS = YES_ERROR;
				CLANG_WARN_UNREACHABLE_CODE = YES;
				CLANG_WARN__DUPLICATE_METHOD_MATCH = YES;
				"CODE_SIGN_IDENTITY[sdk=iphoneos*]" = "iPhone Developer";
				COPY_PHASE_STRIP = NO;
				ENABLE_NS_ASSERTIONS = NO;
				ENABLE_STRICT_OBJC_MSGSEND = YES;
				GCC_C_LANGUAGE_STANDARD = gnu99;
				GCC_WARN_64_TO_32_BIT_CONVERSION = YES;
				GCC_WARN_ABOUT_RETURN_TYPE = YES_ERROR;
				GCC_WARN_UNDECLARED_SELECTOR = YES;
				GCC_WARN_UNINITIALIZED_AUTOS = YES_AGGRESSIVE;
				GCC_WARN_UNUSED_FUNCTION = YES;
				GCC_WARN_UNUSED_VARIABLE = YES;
				IPHONEOS_DEPLOYMENT_TARGET = 8.2;
				MTL_ENABLE_DEBUG_INFO = NO;
				SDKROOT = iphoneos;
				TARGETED_DEVICE_FAMILY = "1,2";
				VALIDATE_PRODUCT = YES;
			};
			name = Release;
		};
		C1668F7E1AB571130099C2BD /* Debug */ = {
			isa = XCBuildConfiguration;
			buildSettings = {
				ASSETCATALOG_COMPILER_APPICON_NAME = AppIcon;
				INFOPLIST_FILE = JPNZipCodeSample/Info.plist;
				IPHONEOS_DEPLOYMENT_TARGET = 8.0;
				LD_RUNPATH_SEARCH_PATHS = "$(inherited) @executable_path/Frameworks";
				PRODUCT_NAME = "$(TARGET_NAME)";
			};
			name = Debug;
		};
		C1668F7F1AB571130099C2BD /* Release */ = {
			isa = XCBuildConfiguration;
			buildSettings = {
				ASSETCATALOG_COMPILER_APPICON_NAME = AppIcon;
				INFOPLIST_FILE = JPNZipCodeSample/Info.plist;
				IPHONEOS_DEPLOYMENT_TARGET = 8.0;
				LD_RUNPATH_SEARCH_PATHS = "$(inherited) @executable_path/Frameworks";
				PRODUCT_NAME = "$(TARGET_NAME)";
			};
			name = Release;
		};
		C1668F811AB571130099C2BD /* Debug */ = {
			isa = XCBuildConfiguration;
			buildSettings = {
				BUNDLE_LOADER = "$(TEST_HOST)";
				FRAMEWORK_SEARCH_PATHS = (
					"$(SDKROOT)/Developer/Library/Frameworks",
					"$(inherited)",
				);
				GCC_PREPROCESSOR_DEFINITIONS = (
					"DEBUG=1",
					"$(inherited)",
				);
				INFOPLIST_FILE = JPNZipCodeSampleTests/Info.plist;
				LD_RUNPATH_SEARCH_PATHS = "$(inherited) @executable_path/Frameworks @loader_path/Frameworks";
				PRODUCT_NAME = "$(TARGET_NAME)";
				TEST_HOST = "$(BUILT_PRODUCTS_DIR)/JPNZipCodeSample.app/JPNZipCodeSample";
			};
			name = Debug;
		};
		C1668F821AB571130099C2BD /* Release */ = {
			isa = XCBuildConfiguration;
			buildSettings = {
				BUNDLE_LOADER = "$(TEST_HOST)";
				FRAMEWORK_SEARCH_PATHS = (
					"$(SDKROOT)/Developer/Library/Frameworks",
					"$(inherited)",
				);
				INFOPLIST_FILE = JPNZipCodeSampleTests/Info.plist;
				LD_RUNPATH_SEARCH_PATHS = "$(inherited) @executable_path/Frameworks @loader_path/Frameworks";
				PRODUCT_NAME = "$(TARGET_NAME)";
				TEST_HOST = "$(BUILT_PRODUCTS_DIR)/JPNZipCodeSample.app/JPNZipCodeSample";
			};
			name = Release;
		};
/* End XCBuildConfiguration section */

/* Begin XCConfigurationList section */
		C1668F591AB571130099C2BD /* Build configuration list for PBXProject "JPNZipCodeSample" */ = {
			isa = XCConfigurationList;
			buildConfigurations = (
				C1668F7B1AB571130099C2BD /* Debug */,
				C1668F7C1AB571130099C2BD /* Release */,
			);
			defaultConfigurationIsVisible = 0;
			defaultConfigurationName = Release;
		};
		C1668F7D1AB571130099C2BD /* Build configuration list for PBXNativeTarget "JPNZipCodeSample" */ = {
			isa = XCConfigurationList;
			buildConfigurations = (
				C1668F7E1AB571130099C2BD /* Debug */,
				C1668F7F1AB571130099C2BD /* Release */,
			);
			defaultConfigurationIsVisible = 0;
		};
		C1668F801AB571130099C2BD /* Build configuration list for PBXNativeTarget "JPNZipCodeSampleTests" */ = {
			isa = XCConfigurationList;
			buildConfigurations = (
				C1668F811AB571130099C2BD /* Debug */,
				C1668F821AB571130099C2BD /* Release */,
			);
			defaultConfigurationIsVisible = 0;
		};
/* End XCConfigurationList section */
	};
	rootObject = C1668F561AB571130099C2BD /* Project object */;
}
